
Microsoft Visual Studio Solution File, Format Version 12.00
# Visual Studio Version 17
VisualStudioVersion = 17.10.34916.146
MinimumVisualStudioVersion = 10.0.40219.1
Project("{9A19103F-16F7-4668-BE54-9A1E7A4F7556}") = "GerenciadorEstoque.Application", "GerenciadorEstoque\GerenciadorEstoque.Application.csproj", "{EC084D83-CDA7-4A35-9F00-333CE7E423A2}"
	ProjectSection(ProjectDependencies) = postProject
		{4CD24AC7-5753-4331-BBB9-0285C3B1D19B} = {4CD24AC7-5753-4331-BBB9-0285C3B1D19B}
		{7E551AF5-DB9E-4F36-9E20-814BE9EEE9E2} = {7E551AF5-DB9E-4F36-9E20-814BE9EEE9E2}
	EndProjectSection
EndProject
Project("{2150E333-8FDC-42A3-9474-1A3956D46DE8}") = "Backend", "Backend", "{E8746561-F8B9-49A9-8A36-9D9C37994B36}"
EndProject
Project("{9A19103F-16F7-4668-BE54-9A1E7A4F7556}") = "GerenciadorEstoque.Api", "GerenciadorEstoque.Api\GerenciadorEstoque.Api.csproj", "{93BFD17E-42FA-413E-8293-D95CE1EDE4AD}"
	ProjectSection(ProjectDependencies) = postProject
		{4CD24AC7-5753-4331-BBB9-0285C3B1D19B} = {4CD24AC7-5753-4331-BBB9-0285C3B1D19B}
		{EC084D83-CDA7-4A35-9F00-333CE7E423A2} = {EC084D83-CDA7-4A35-9F00-333CE7E423A2}
	EndProjectSection
EndProject
Project("{9A19103F-16F7-4668-BE54-9A1E7A4F7556}") = "GerenciadorEstoque.Domain", "GerenciadorEstoque.Domain\GerenciadorEstoque.Domain.csproj", "{7E551AF5-DB9E-4F36-9E20-814BE9EEE9E2}"
EndProject
Project("{9A19103F-16F7-4668-BE54-9A1E7A4F7556}") = "GerenciadorEstoque.Infra", "GerenciadorEstoque.Infra\GerenciadorEstoque.Infra.csproj", "{4CD24AC7-5753-4331-BBB9-0285C3B1D19B}"
	ProjectSection(ProjectDependencies) = postProject
		{7E551AF5-DB9E-4F36-9E20-814BE9EEE9E2} = {7E551AF5-DB9E-4F36-9E20-814BE9EEE9E2}
	EndProjectSection
EndProject
Project("{9A19103F-16F7-4668-BE54-9A1E7A4F7556}") = "GerenciadorEstoque.Tests", "GerenciadorEstoqueTests\GerenciadorEstoque.Tests.csproj", "{FCC9FF11-29C1-453A-B98D-820560926949}"
	ProjectSection(ProjectDependencies) = postProject
		{4CD24AC7-5753-4331-BBB9-0285C3B1D19B} = {4CD24AC7-5753-4331-BBB9-0285C3B1D19B}
		{7E551AF5-DB9E-4F36-9E20-814BE9EEE9E2} = {7E551AF5-DB9E-4F36-9E20-814BE9EEE9E2}
		{93BFD17E-42FA-413E-8293-D95CE1EDE4AD} = {93BFD17E-42FA-413E-8293-D95CE1EDE4AD}
		{EC084D83-CDA7-4A35-9F00-333CE7E423A2} = {EC084D83-CDA7-4A35-9F00-333CE7E423A2}
	EndProjectSection
EndProject
Project("{2150E333-8FDC-42A3-9474-1A3956D46DE8}") = "Frontend", "Frontend", "{D5DB3465-55E0-432E-A15A-B22FFFDDA99F}"
EndProject
Project("{9A19103F-16F7-4668-BE54-9A1E7A4F7556}") = "GerenciadorEstoque.Presentation", "FrontEnd\GerenciadorEstoque.Presentation\GerenciadorEstoque.Presentation.csproj", "{5DD9C636-9FA4-4941-A534-9B68987F3286}"
EndProject
Project("{9A19103F-16F7-4668-BE54-9A1E7A4F7556}") = "GerenciadorEstoque.Auth", "Auth\GerenciadorEstoque.Auth.csproj", "{BC84E174-06BC-4D7E-97AC-C4880604BD2B}"
EndProject
Project("{2150E333-8FDC-42A3-9474-1A3956D46DE8}") = "Solution Items", "Solution Items", "{7B5F429B-BB67-48F3-832A-41E7B2F4D2BA}"
	ProjectSection(SolutionItems) = preProject
		license.md = license.md
		readme.md = readme.md
	EndProjectSection
EndProject
Global
	GlobalSection(SolutionConfigurationPlatforms) = preSolution
		Debug|Any CPU = Debug|Any CPU
		Release|Any CPU = Release|Any CPU
	EndGlobalSection
	GlobalSection(ProjectConfigurationPlatforms) = postSolution
		{EC084D83-CDA7-4A35-9F00-333CE7E423A2}.Debug|Any CPU.ActiveCfg = Debug|Any CPU
		{EC084D83-CDA7-4A35-9F00-333CE7E423A2}.Debug|Any CPU.Build.0 = Debug|Any CPU
		{EC084D83-CDA7-4A35-9F00-333CE7E423A2}.Release|Any CPU.ActiveCfg = Release|Any CPU
		{EC084D83-CDA7-4A35-9F00-333CE7E423A2}.Release|Any CPU.Build.0 = Release|Any CPU
		{93BFD17E-42FA-413E-8293-D95CE1EDE4AD}.Debug|Any CPU.ActiveCfg = Debug|Any CPU
		{93BFD17E-42FA-413E-8293-D95CE1EDE4AD}.Debug|Any CPU.Build.0 = Debug|Any CPU
		{93BFD17E-42FA-413E-8293-D95CE1EDE4AD}.Release|Any CPU.ActiveCfg = Release|Any CPU
		{93BFD17E-42FA-413E-8293-D95CE1EDE4AD}.Release|Any CPU.Build.0 = Release|Any CPU
		{7E551AF5-DB9E-4F36-9E20-814BE9EEE9E2}.Debug|Any CPU.ActiveCfg = Debug|Any CPU
		{7E551AF5-DB9E-4F36-9E20-814BE9EEE9E2}.Debug|Any CPU.Build.0 = Debug|Any CPU
		{7E551AF5-DB9E-4F36-9E20-814BE9EEE9E2}.Release|Any CPU.ActiveCfg = Release|Any CPU
		{7E551AF5-DB9E-4F36-9E20-814BE9EEE9E2}.Release|Any CPU.Build.0 = Release|Any CPU
		{4CD24AC7-5753-4331-BBB9-0285C3B1D19B}.Debug|Any CPU.ActiveCfg = Debug|Any CPU
		{4CD24AC7-5753-4331-BBB9-0285C3B1D19B}.Debug|Any CPU.Build.0 = Debug|Any CPU
		{4CD24AC7-5753-4331-BBB9-0285C3B1D19B}.Release|Any CPU.ActiveCfg = Release|Any CPU
		{4CD24AC7-5753-4331-BBB9-0285C3B1D19B}.Release|Any CPU.Build.0 = Release|Any CPU
		{FCC9FF11-29C1-453A-B98D-820560926949}.Debug|Any CPU.ActiveCfg = Debug|Any CPU
		{FCC9FF11-29C1-453A-B98D-820560926949}.Debug|Any CPU.Build.0 = Debug|Any CPU
		{FCC9FF11-29C1-453A-B98D-820560926949}.Release|Any CPU.ActiveCfg = Release|Any CPU
		{FCC9FF11-29C1-453A-B98D-820560926949}.Release|Any CPU.Build.0 = Release|Any CPU
		{5DD9C636-9FA4-4941-A534-9B68987F3286}.Debug|Any CPU.ActiveCfg = Debug|Any CPU
		{5DD9C636-9FA4-4941-A534-9B68987F3286}.Debug|Any CPU.Build.0 = Debug|Any CPU
		{5DD9C636-9FA4-4941-A534-9B68987F3286}.Release|Any CPU.ActiveCfg = Release|Any CPU
		{5DD9C636-9FA4-4941-A534-9B68987F3286}.Release|Any CPU.Build.0 = Release|Any CPU
		{BC84E174-06BC-4D7E-97AC-C4880604BD2B}.Debug|Any CPU.ActiveCfg = Debug|Any CPU
		{BC84E174-06BC-4D7E-97AC-C4880604BD2B}.Debug|Any CPU.Build.0 = Debug|Any CPU
		{BC84E174-06BC-4D7E-97AC-C4880604BD2B}.Release|Any CPU.ActiveCfg = Release|Any CPU
		{BC84E174-06BC-4D7E-97AC-C4880604BD2B}.Release|Any CPU.Build.0 = Release|Any CPU
	EndGlobalSection
	GlobalSection(SolutionProperties) = preSolution
		HideSolutionNode = FALSE
	EndGlobalSection
	GlobalSection(NestedProjects) = preSolution
		{EC084D83-CDA7-4A35-9F00-333CE7E423A2} = {E8746561-F8B9-49A9-8A36-9D9C37994B36}
		{93BFD17E-42FA-413E-8293-D95CE1EDE4AD} = {E8746561-F8B9-49A9-8A36-9D9C37994B36}
		{7E551AF5-DB9E-4F36-9E20-814BE9EEE9E2} = {E8746561-F8B9-49A9-8A36-9D9C37994B36}
		{4CD24AC7-5753-4331-BBB9-0285C3B1D19B} = {E8746561-F8B9-49A9-8A36-9D9C37994B36}
		{FCC9FF11-29C1-453A-B98D-820560926949} = {E8746561-F8B9-49A9-8A36-9D9C37994B36}
		{5DD9C636-9FA4-4941-A534-9B68987F3286} = {D5DB3465-55E0-432E-A15A-B22FFFDDA99F}
		{BC84E174-06BC-4D7E-97AC-C4880604BD2B} = {E8746561-F8B9-49A9-8A36-9D9C37994B36}
	EndGlobalSection
	GlobalSection(ExtensibilityGlobals) = postSolution
		SolutionGuid = {204161A9-28BF-40E1-B6AC-C1E81035FEA0}
	EndGlobalSection
EndGlobal
